
Microsoft Visual Studio Solution File, Format Version 12.00
# Visual Studio Version 17
VisualStudioVersion = 17.8.34309.116
MinimumVisualStudioVersion = 10.0.40219.1
Project("{FAE04EC0-301F-11D3-BF4B-00C04F79EFBC}") = "eShop.Backend", "eShop.Backend.csproj", "{7C86AD96-E9D2-4752-8777-D27F3D4E0DEC}"
EndProject
Global
	GlobalSection(SolutionConfigurationPlatforms) = preSolution
		Debug|Any CPU = Debug|Any CPU
		Release|Any CPU = Release|Any CPU
	EndGlobalSection
	GlobalSection(ProjectConfigurationPlatforms) = postSolution
		{7C86AD96-E9D2-4752-8777-D27F3D4E0DEC}.Debug|Any CPU.ActiveCfg = Debug|Any CPU
		{7C86AD96-E9D2-4752-8777-D27F3D4E0DEC}.Debug|Any CPU.Build.0 = Debug|Any CPU
		{7C86AD96-E9D2-4752-8777-D27F3D4E0DEC}.Release|Any CPU.ActiveCfg = Release|Any CPU
		{7C86AD96-E9D2-4752-8777-D27F3D4E0DEC}.Release|Any CPU.Build.0 = Release|Any CPU
	EndGlobalSection
	GlobalSection(SolutionProperties) = preSolution
		HideSolutionNode = FALSE
	EndGlobalSection
	GlobalSection(ExtensibilityGlobals) = postSolution
		SolutionGuid = {CE973DD5-B070-423D-841F-B69B97B57007}
	EndGlobalSection
EndGlobal
